
Microsoft Visual Studio Solution File, Format Version 12.00
# Visual Studio Version 17
VisualStudioVersion = 17.5.2.0
MinimumVisualStudioVersion = 10.0.40219.1
Project("{2150E333-8FDC-42A3-9474-1A3956D46DE8}") = "src", "src", "{827E0CD3-B72D-47B6-A68D-7590B98EB39B}"
EndProject
Project("{2150E333-8FDC-42A3-9474-1A3956D46DE8}") = "tests", "tests", "{0AB3BF05-4346-4AA6-1389-037BE0695223}"
EndProject
Project("{FAE04EC0-301F-11D3-BF4B-00C04F79EFBC}") = "DocVault.Api", "src\DocVault.Api\DocVault.Api.csproj", "{93BB2353-AE51-83BD-E697-4D4BDFA1D3F1}"
EndProject
Project("{FAE04EC0-301F-11D3-BF4B-00C04F79EFBC}") = "DocVault.Application", "src\DocVault.Application\DocVault.Application.csproj", "{9681E59F-7B6D-8FCC-F8A6-84F3E78494FC}"
EndProject
Project("{FAE04EC0-301F-11D3-BF4B-00C04F79EFBC}") = "DocVault.Domain", "src\DocVault.Domain\DocVault.Domain.csproj", "{BF097250-8EA8-D3FD-9FC4-7A7BE3F009EF}"
EndProject
Project("{FAE04EC0-301F-11D3-BF4B-00C04F79EFBC}") = "DocVault.Infrastructure", "src\DocVault.Infrastructure\DocVault.Infrastructure.csproj", "{7B8CE27A-5A0F-7F17-30C4-CBB1F64D23CE}"
EndProject
Project("{FAE04EC0-301F-11D3-BF4B-00C04F79EFBC}") = "DocVault.Shared", "src\DocVault.Shared\DocVault.Shared.csproj", "{6C965D91-84F8-0702-5B26-3376EDEE22F3}"
EndProject
Project("{FAE04EC0-301F-11D3-BF4B-00C04F79EFBC}") = "DocVault.IntegrationTests", "tests\DocVault.IntegrationTests\DocVault.IntegrationTests.csproj", "{2BB4D9DD-FC68-BC40-DE00-F0DE0638651F}"
EndProject
Project("{FAE04EC0-301F-11D3-BF4B-00C04F79EFBC}") = "DocVault.UnitTests", "tests\DocVault.UnitTests\DocVault.UnitTests.csproj", "{D1051E3D-C0ED-593C-1C3F-98990882A1F1}"
EndProject
Global
	GlobalSection(SolutionConfigurationPlatforms) = preSolution
		Debug|Any CPU = Debug|Any CPU
		Debug|x64 = Debug|x64
		Debug|x86 = Debug|x86
		Release|Any CPU = Release|Any CPU
		Release|x64 = Release|x64
		Release|x86 = Release|x86
	EndGlobalSection
	GlobalSection(ProjectConfigurationPlatforms) = postSolution
		{93BB2353-AE51-83BD-E697-4D4BDFA1D3F1}.Debug|Any CPU.ActiveCfg = Debug|Any CPU
		{93BB2353-AE51-83BD-E697-4D4BDFA1D3F1}.Debug|Any CPU.Build.0 = Debug|Any CPU
		{93BB2353-AE51-83BD-E697-4D4BDFA1D3F1}.Debug|x64.ActiveCfg = Debug|Any CPU
		{93BB2353-AE51-83BD-E697-4D4BDFA1D3F1}.Debug|x64.Build.0 = Debug|Any CPU
		{93BB2353-AE51-83BD-E697-4D4BDFA1D3F1}.Debug|x86.ActiveCfg = Debug|Any CPU
		{93BB2353-AE51-83BD-E697-4D4BDFA1D3F1}.Debug|x86.Build.0 = Debug|Any CPU
		{93BB2353-AE51-83BD-E697-4D4BDFA1D3F1}.Release|Any CPU.ActiveCfg = Release|Any CPU
		{93BB2353-AE51-83BD-E697-4D4BDFA1D3F1}.Release|Any CPU.Build.0 = Release|Any CPU
		{93BB2353-AE51-83BD-E697-4D4BDFA1D3F1}.Release|x64.ActiveCfg = Release|Any CPU
		{93BB2353-AE51-83BD-E697-4D4BDFA1D3F1}.Release|x64.Build.0 = Release|Any CPU
		{93BB2353-AE51-83BD-E697-4D4BDFA1D3F1}.Release|x86.ActiveCfg = Release|Any CPU
		{93BB2353-AE51-83BD-E697-4D4BDFA1D3F1}.Release|x86.Build.0 = Release|Any CPU
		{9681E59F-7B6D-8FCC-F8A6-84F3E78494FC}.Debug|Any CPU.ActiveCfg = Debug|Any CPU
		{9681E59F-7B6D-8FCC-F8A6-84F3E78494FC}.Debug|Any CPU.Build.0 = Debug|Any CPU
		{9681E59F-7B6D-8FCC-F8A6-84F3E78494FC}.Debug|x64.ActiveCfg = Debug|Any CPU
		{9681E59F-7B6D-8FCC-F8A6-84F3E78494FC}.Debug|x64.Build.0 = Debug|Any CPU
		{9681E59F-7B6D-8FCC-F8A6-84F3E78494FC}.Debug|x86.ActiveCfg = Debug|Any CPU
		{9681E59F-7B6D-8FCC-F8A6-84F3E78494FC}.Debug|x86.Build.0 = Debug|Any CPU
		{9681E59F-7B6D-8FCC-F8A6-84F3E78494FC}.Release|Any CPU.ActiveCfg = Release|Any CPU
		{9681E59F-7B6D-8FCC-F8A6-84F3E78494FC}.Release|Any CPU.Build.0 = Release|Any CPU
		{9681E59F-7B6D-8FCC-F8A6-84F3E78494FC}.Release|x64.ActiveCfg = Release|Any CPU
		{9681E59F-7B6D-8FCC-F8A6-84F3E78494FC}.Release|x64.Build.0 = Release|Any CPU
		{9681E59F-7B6D-8FCC-F8A6-84F3E78494FC}.Release|x86.ActiveCfg = Release|Any CPU
		{9681E59F-7B6D-8FCC-F8A6-84F3E78494FC}.Release|x86.Build.0 = Release|Any CPU
		{BF097250-8EA8-D3FD-9FC4-7A7BE3F009EF}.Debug|Any CPU.ActiveCfg = Debug|Any CPU
		{BF097250-8EA8-D3FD-9FC4-7A7BE3F009EF}.Debug|Any CPU.Build.0 = Debug|Any CPU
		{BF097250-8EA8-D3FD-9FC4-7A7BE3F009EF}.Debug|x64.ActiveCfg = Debug|Any CPU
		{BF097250-8EA8-D3FD-9FC4-7A7BE3F009EF}.Debug|x64.Build.0 = Debug|Any CPU
		{BF097250-8EA8-D3FD-9FC4-7A7BE3F009EF}.Debug|x86.ActiveCfg = Debug|Any CPU
		{BF097250-8EA8-D3FD-9FC4-7A7BE3F009EF}.Debug|x86.Build.0 = Debug|Any CPU
		{BF097250-8EA8-D3FD-9FC4-7A7BE3F009EF}.Release|Any CPU.ActiveCfg = Release|Any CPU
		{BF097250-8EA8-D3FD-9FC4-7A7BE3F009EF}.Release|Any CPU.Build.0 = Release|Any CPU
		{BF097250-8EA8-D3FD-9FC4-7A7BE3F009EF}.Release|x64.ActiveCfg = Release|Any CPU
		{BF097250-8EA8-D3FD-9FC4-7A7BE3F009EF}.Release|x64.Build.0 = Release|Any CPU
		{BF097250-8EA8-D3FD-9FC4-7A7BE3F009EF}.Release|x86.ActiveCfg = Release|Any CPU
		{BF097250-8EA8-D3FD-9FC4-7A7BE3F009EF}.Release|x86.Build.0 = Release|Any CPU
		{7B8CE27A-5A0F-7F17-30C4-CBB1F64D23CE}.Debug|Any CPU.ActiveCfg = Debug|Any CPU
		{7B8CE27A-5A0F-7F17-30C4-CBB1F64D23CE}.Debug|Any CPU.Build.0 = Debug|Any CPU
		{7B8CE27A-5A0F-7F17-30C4-CBB1F64D23CE}.Debug|x64.ActiveCfg = Debug|Any CPU
		{7B8CE27A-5A0F-7F17-30C4-CBB1F64D23CE}.Debug|x64.Build.0 = Debug|Any CPU
		{7B8CE27A-5A0F-7F17-30C4-CBB1F64D23CE}.Debug|x86.ActiveCfg = Debug|Any CPU
		{7B8CE27A-5A0F-7F17-30C4-CBB1F64D23CE}.Debug|x86.Build.0 = Debug|Any CPU
		{7B8CE27A-5A0F-7F17-30C4-CBB1F64D23CE}.Release|Any CPU.ActiveCfg = Release|Any CPU
		{7B8CE27A-5A0F-7F17-30C4-CBB1F64D23CE}.Release|Any CPU.Build.0 = Release|Any CPU
		{7B8CE27A-5A0F-7F17-30C4-CBB1F64D23CE}.Release|x64.ActiveCfg = Release|Any CPU
		{7B8CE27A-5A0F-7F17-30C4-CBB1F64D23CE}.Release|x64.Build.0 = Release|Any CPU
		{7B8CE27A-5A0F-7F17-30C4-CBB1F64D23CE}.Release|x86.ActiveCfg = Release|Any CPU
		{7B8CE27A-5A0F-7F17-30C4-CBB1F64D23CE}.Release|x86.Build.0 = Release|Any CPU
		{6C965D91-84F8-0702-5B26-3376EDEE22F3}.Debug|Any CPU.ActiveCfg = Debug|Any CPU
		{6C965D91-84F8-0702-5B26-3376EDEE22F3}.Debug|Any CPU.Build.0 = Debug|Any CPU
		{6C965D91-84F8-0702-5B26-3376EDEE22F3}.Debug|x64.ActiveCfg = Debug|Any CPU
		{6C965D91-84F8-0702-5B26-3376EDEE22F3}.Debug|x64.Build.0 = Debug|Any CPU
		{6C965D91-84F8-0702-5B26-3376EDEE22F3}.Debug|x86.ActiveCfg = Debug|Any CPU
		{6C965D91-84F8-0702-5B26-3376EDEE22F3}.Debug|x86.Build.0 = Debug|Any CPU
		{6C965D91-84F8-0702-5B26-3376EDEE22F3}.Release|Any CPU.ActiveCfg = Release|Any CPU
		{6C965D91-84F8-0702-5B26-3376EDEE22F3}.Release|Any CPU.Build.0 = Release|Any CPU
		{6C965D91-84F8-0702-5B26-3376EDEE22F3}.Release|x64.ActiveCfg = Release|Any CPU
		{6C965D91-84F8-0702-5B26-3376EDEE22F3}.Release|x64.Build.0 = Release|Any CPU
		{6C965D91-84F8-0702-5B26-3376EDEE22F3}.Release|x86.ActiveCfg = Release|Any CPU
		{6C965D91-84F8-0702-5B26-3376EDEE22F3}.Release|x86.Build.0 = Release|Any CPU
		{2BB4D9DD-FC68-BC40-DE00-F0DE0638651F}.Debug|Any CPU.ActiveCfg = Debug|Any CPU
		{2BB4D9DD-FC68-BC40-DE00-F0DE0638651F}.Debug|Any CPU.Build.0 = Debug|Any CPU
		{2BB4D9DD-FC68-BC40-DE00-F0DE0638651F}.Debug|x64.ActiveCfg = Debug|Any CPU
		{2BB4D9DD-FC68-BC40-DE00-F0DE0638651F}.Debug|x64.Build.0 = Debug|Any CPU
		{2BB4D9DD-FC68-BC40-DE00-F0DE0638651F}.Debug|x86.ActiveCfg = Debug|Any CPU
		{2BB4D9DD-FC68-BC40-DE00-F0DE0638651F}.Debug|x86.Build.0 = Debug|Any CPU
		{2BB4D9DD-FC68-BC40-DE00-F0DE0638651F}.Release|Any CPU.ActiveCfg = Release|Any CPU
		{2BB4D9DD-FC68-BC40-DE00-F0DE0638651F}.Release|Any CPU.Build.0 = Release|Any CPU
		{2BB4D9DD-FC68-BC40-DE00-F0DE0638651F}.Release|x64.ActiveCfg = Release|Any CPU
		{2BB4D9DD-FC68-BC40-DE00-F0DE0638651F}.Release|x64.Build.0 = Release|Any CPU
		{2BB4D9DD-FC68-BC40-DE00-F0DE0638651F}.Release|x86.ActiveCfg = Release|Any CPU
		{2BB4D9DD-FC68-BC40-DE00-F0DE0638651F}.Release|x86.Build.0 = Release|Any CPU
		{D1051E3D-C0ED-593C-1C3F-98990882A1F1}.Debug|Any CPU.ActiveCfg = Debug|Any CPU
		{D1051E3D-C0ED-593C-1C3F-98990882A1F1}.Debug|Any CPU.Build.0 = Debug|Any CPU
		{D1051E3D-C0ED-593C-1C3F-98990882A1F1}.Debug|x64.ActiveCfg = Debug|Any CPU
		{D1051E3D-C0ED-593C-1C3F-98990882A1F1}.Debug|x64.Build.0 = Debug|Any CPU
		{D1051E3D-C0ED-593C-1C3F-98990882A1F1}.Debug|x86.ActiveCfg = Debug|Any CPU
		{D1051E3D-C0ED-593C-1C3F-98990882A1F1}.Debug|x86.Build.0 = Debug|Any CPU
		{D1051E3D-C0ED-593C-1C3F-98990882A1F1}.Release|Any CPU.ActiveCfg = Release|Any CPU
		{D1051E3D-C0ED-593C-1C3F-98990882A1F1}.Release|Any CPU.Build.0 = Release|Any CPU
		{D1051E3D-C0ED-593C-1C3F-98990882A1F1}.Release|x64.ActiveCfg = Release|Any CPU
		{D1051E3D-C0ED-593C-1C3F-98990882A1F1}.Release|x64.Build.0 = Release|Any CPU
		{D1051E3D-C0ED-593C-1C3F-98990882A1F1}.Release|x86.ActiveCfg = Release|Any CPU
		{D1051E3D-C0ED-593C-1C3F-98990882A1F1}.Release|x86.Build.0 = Release|Any CPU
	EndGlobalSection
	GlobalSection(SolutionProperties) = preSolution
		HideSolutionNode = FALSE
	EndGlobalSection
	GlobalSection(NestedProjects) = preSolution
		{93BB2353-AE51-83BD-E697-4D4BDFA1D3F1} = {827E0CD3-B72D-47B6-A68D-7590B98EB39B}
		{9681E59F-7B6D-8FCC-F8A6-84F3E78494FC} = {827E0CD3-B72D-47B6-A68D-7590B98EB39B}
		{BF097250-8EA8-D3FD-9FC4-7A7BE3F009EF} = {827E0CD3-B72D-47B6-A68D-7590B98EB39B}
		{7B8CE27A-5A0F-7F17-30C4-CBB1F64D23CE} = {827E0CD3-B72D-47B6-A68D-7590B98EB39B}
		{6C965D91-84F8-0702-5B26-3376EDEE22F3} = {827E0CD3-B72D-47B6-A68D-7590B98EB39B}
		{2BB4D9DD-FC68-BC40-DE00-F0DE0638651F} = {0AB3BF05-4346-4AA6-1389-037BE0695223}
		{D1051E3D-C0ED-593C-1C3F-98990882A1F1} = {0AB3BF05-4346-4AA6-1389-037BE0695223}
	EndGlobalSection
	GlobalSection(ExtensibilityGlobals) = postSolution
		SolutionGuid = {C0852F5A-BAE2-41FE-9A13-B726D9BA2EF8}
	EndGlobalSection
EndGlobal
